
Microsoft Visual Studio Solution File, Format Version 12.00
# Visual Studio 15
VisualStudioVersion = 15.0.28307.902
MinimumVisualStudioVersion = 10.0.40219.1
Project("{FAE04EC0-301F-11D3-BF4B-00C04F79EFBC}") = "TypeTest", "TypeTest\TypeTest.csproj", "{45ADEF82-A62B-441B-B804-884867DB497E}"
EndProject
Project("{FAE04EC0-301F-11D3-BF4B-00C04F79EFBC}") = "INIhelper", "INIhelper\INIhelper.csproj", "{711EC8F0-E413-493C-85C6-882AAACEDE2B}"
EndProject
Global
	GlobalSection(SolutionConfigurationPlatforms) = preSolution
		Debug|Any CPU = Debug|Any CPU
		Release|Any CPU = Release|Any CPU
	EndGlobalSection
	GlobalSection(ProjectConfigurationPlatforms) = postSolution
		{45ADEF82-A62B-441B-B804-884867DB497E}.Debug|Any CPU.ActiveCfg = Debug|Any CPU
		{45ADEF82-A62B-441B-B804-884867DB497E}.Debug|Any CPU.Build.0 = Debug|Any CPU
		{45ADEF82-A62B-441B-B804-884867DB497E}.Release|Any CPU.ActiveCfg = Release|Any CPU
		{45ADEF82-A62B-441B-B804-884867DB497E}.Release|Any CPU.Build.0 = Release|Any CPU
		{711EC8F0-E413-493C-85C6-882AAACEDE2B}.Debug|Any CPU.ActiveCfg = Debug|Any CPU
		{711EC8F0-E413-493C-85C6-882AAACEDE2B}.Debug|Any CPU.Build.0 = Debug|Any CPU
		{711EC8F0-E413-493C-85C6-882AAACEDE2B}.Release|Any CPU.ActiveCfg = Release|Any CPU
		{711EC8F0-E413-493C-85C6-882AAACEDE2B}.Release|Any CPU.Build.0 = Release|Any CPU
	EndGlobalSection
	GlobalSection(SolutionProperties) = preSolution
		HideSolutionNode = FALSE
	EndGlobalSection
	GlobalSection(ExtensibilityGlobals) = postSolution
		SolutionGuid = {569947D9-541C-4A0D-A32B-1B6C88E03764}
	EndGlobalSection
EndGlobal
